
Microsoft Visual Studio Solution File, Format Version 12.00
# Visual Studio Version 17
VisualStudioVersion = 17.5.33502.453
MinimumVisualStudioVersion = 10.0.40219.1
Project("{FAE04EC0-301F-11D3-BF4B-00C04F79EFBC}") = "BAXMobile.Droid", "BAXMobile\BAXMobile.Droid\BAXMobile.Droid.csproj", "{D4E6A77C-9F51-4127-95FA-823E928BD651}"
EndProject
Project("{FAE04EC0-301F-11D3-BF4B-00C04F79EFBC}") = "BAXMobile", "BAXMobile\BAXMobile\BAXMobile.csproj", "{1AEFA6CE-2954-4224-8C9B-EF4C17B99688}"
EndProject
Project("{9A19103F-16F7-4668-BE54-9A1E7A4F7556}") = "BAXMobile2", "BAXMobile2\BAXMobile2.csproj", "{1EE14118-1A6C-48D8-8A2D-B4818071B2D2}"
EndProject
Global
	GlobalSection(SolutionConfigurationPlatforms) = preSolution
		Ad-Hoc|Any CPU = Ad-Hoc|Any CPU
		Ad-Hoc|ARM = Ad-Hoc|ARM
		Ad-Hoc|iPhone = Ad-Hoc|iPhone
		Ad-Hoc|iPhoneSimulator = Ad-Hoc|iPhoneSimulator
		Ad-Hoc|x64 = Ad-Hoc|x64
		Ad-Hoc|x86 = Ad-Hoc|x86
		AppStore|Any CPU = AppStore|Any CPU
		AppStore|ARM = AppStore|ARM
		AppStore|iPhone = AppStore|iPhone
		AppStore|iPhoneSimulator = AppStore|iPhoneSimulator
		AppStore|x64 = AppStore|x64
		AppStore|x86 = AppStore|x86
		Debug|Any CPU = Debug|Any CPU
		Debug|ARM = Debug|ARM
		Debug|iPhone = Debug|iPhone
		Debug|iPhoneSimulator = Debug|iPhoneSimulator
		Debug|x64 = Debug|x64
		Debug|x86 = Debug|x86
		Release|Any CPU = Release|Any CPU
		Release|ARM = Release|ARM
		Release|iPhone = Release|iPhone
		Release|iPhoneSimulator = Release|iPhoneSimulator
		Release|x64 = Release|x64
		Release|x86 = Release|x86
	EndGlobalSection
	GlobalSection(ProjectConfigurationPlatforms) = postSolution
		{D4E6A77C-9F51-4127-95FA-823E928BD651}.Ad-Hoc|Any CPU.ActiveCfg = Release|Any CPU
		{D4E6A77C-9F51-4127-95FA-823E928BD651}.Ad-Hoc|Any CPU.Build.0 = Release|Any CPU
		{D4E6A77C-9F51-4127-95FA-823E928BD651}.Ad-Hoc|Any CPU.Deploy.0 = Release|Any CPU
		{D4E6A77C-9F51-4127-95FA-823E928BD651}.Ad-Hoc|ARM.ActiveCfg = Release|Any CPU
		{D4E6A77C-9F51-4127-95FA-823E928BD651}.Ad-Hoc|ARM.Build.0 = Release|Any CPU
		{D4E6A77C-9F51-4127-95FA-823E928BD651}.Ad-Hoc|ARM.Deploy.0 = Release|Any CPU
		{D4E6A77C-9F51-4127-95FA-823E928BD651}.Ad-Hoc|iPhone.ActiveCfg = Release|Any CPU
		{D4E6A77C-9F51-4127-95FA-823E928BD651}.Ad-Hoc|iPhone.Build.0 = Release|Any CPU
		{D4E6A77C-9F51-4127-95FA-823E928BD651}.Ad-Hoc|iPhone.Deploy.0 = Release|Any CPU
		{D4E6A77C-9F51-4127-95FA-823E928BD651}.Ad-Hoc|iPhoneSimulator.ActiveCfg = Release|Any CPU
		{D4E6A77C-9F51-4127-95FA-823E928BD651}.Ad-Hoc|iPhoneSimulator.Build.0 = Release|Any CPU
		{D4E6A77C-9F51-4127-95FA-823E928BD651}.Ad-Hoc|iPhoneSimulator.Deploy.0 = Release|Any CPU
		{D4E6A77C-9F51-4127-95FA-823E928BD651}.Ad-Hoc|x64.ActiveCfg = Release|Any CPU
		{D4E6A77C-9F51-4127-95FA-823E928BD651}.Ad-Hoc|x64.Build.0 = Release|Any CPU
		{D4E6A77C-9F51-4127-95FA-823E928BD651}.Ad-Hoc|x64.Deploy.0 = Release|Any CPU
		{D4E6A77C-9F51-4127-95FA-823E928BD651}.Ad-Hoc|x86.ActiveCfg = Release|Any CPU
		{D4E6A77C-9F51-4127-95FA-823E928BD651}.Ad-Hoc|x86.Build.0 = Release|Any CPU
		{D4E6A77C-9F51-4127-95FA-823E928BD651}.Ad-Hoc|x86.Deploy.0 = Release|Any CPU
		{D4E6A77C-9F51-4127-95FA-823E928BD651}.AppStore|Any CPU.ActiveCfg = Release|Any CPU
		{D4E6A77C-9F51-4127-95FA-823E928BD651}.AppStore|Any CPU.Build.0 = Release|Any CPU
		{D4E6A77C-9F51-4127-95FA-823E928BD651}.AppStore|Any CPU.Deploy.0 = Release|Any CPU
		{D4E6A77C-9F51-4127-95FA-823E928BD651}.AppStore|ARM.ActiveCfg = Release|Any CPU
		{D4E6A77C-9F51-4127-95FA-823E928BD651}.AppStore|ARM.Build.0 = Release|Any CPU
		{D4E6A77C-9F51-4127-95FA-823E928BD651}.AppStore|ARM.Deploy.0 = Release|Any CPU
		{D4E6A77C-9F51-4127-95FA-823E928BD651}.AppStore|iPhone.ActiveCfg = Release|Any CPU
		{D4E6A77C-9F51-4127-95FA-823E928BD651}.AppStore|iPhone.Build.0 = Release|Any CPU
		{D4E6A77C-9F51-4127-95FA-823E928BD651}.AppStore|iPhone.Deploy.0 = Release|Any CPU
		{D4E6A77C-9F51-4127-95FA-823E928BD651}.AppStore|iPhoneSimulator.ActiveCfg = Release|Any CPU
		{D4E6A77C-9F51-4127-95FA-823E928BD651}.AppStore|iPhoneSimulator.Build.0 = Release|Any CPU
		{D4E6A77C-9F51-4127-95FA-823E928BD651}.AppStore|iPhoneSimulator.Deploy.0 = Release|Any CPU
		{D4E6A77C-9F51-4127-95FA-823E928BD651}.AppStore|x64.ActiveCfg = Release|Any CPU
		{D4E6A77C-9F51-4127-95FA-823E928BD651}.AppStore|x64.Build.0 = Release|Any CPU
		{D4E6A77C-9F51-4127-95FA-823E928BD651}.AppStore|x64.Deploy.0 = Release|Any CPU
		{D4E6A77C-9F51-4127-95FA-823E928BD651}.AppStore|x86.ActiveCfg = Release|Any CPU
		{D4E6A77C-9F51-4127-95FA-823E928BD651}.AppStore|x86.Build.0 = Release|Any CPU
		{D4E6A77C-9F51-4127-95FA-823E928BD651}.AppStore|x86.Deploy.0 = Release|Any CPU
		{D4E6A77C-9F51-4127-95FA-823E928BD651}.Debug|Any CPU.ActiveCfg = Debug|Any CPU
		{D4E6A77C-9F51-4127-95FA-823E928BD651}.Debug|Any CPU.Build.0 = Debug|Any CPU
		{D4E6A77C-9F51-4127-95FA-823E928BD651}.Debug|Any CPU.Deploy.0 = Debug|Any CPU
		{D4E6A77C-9F51-4127-95FA-823E928BD651}.Debug|ARM.ActiveCfg = Debug|Any CPU
		{D4E6A77C-9F51-4127-95FA-823E928BD651}.Debug|ARM.Build.0 = Debug|Any CPU
		{D4E6A77C-9F51-4127-95FA-823E928BD651}.Debug|ARM.Deploy.0 = Debug|Any CPU
		{D4E6A77C-9F51-4127-95FA-823E928BD651}.Debug|iPhone.ActiveCfg = Debug|Any CPU
		{D4E6A77C-9F51-4127-95FA-823E928BD651}.Debug|iPhone.Build.0 = Debug|Any CPU
		{D4E6A77C-9F51-4127-95FA-823E928BD651}.Debug|iPhone.Deploy.0 = Debug|Any CPU
		{D4E6A77C-9F51-4127-95FA-823E928BD651}.Debug|iPhoneSimulator.ActiveCfg = Debug|Any CPU
		{D4E6A77C-9F51-4127-95FA-823E928BD651}.Debug|iPhoneSimulator.Build.0 = Debug|Any CPU
		{D4E6A77C-9F51-4127-95FA-823E928BD651}.Debug|iPhoneSimulator.Deploy.0 = Debug|Any CPU
		{D4E6A77C-9F51-4127-95FA-823E928BD651}.Debug|x64.ActiveCfg = Debug|Any CPU
		{D4E6A77C-9F51-4127-95FA-823E928BD651}.Debug|x64.Build.0 = Debug|Any CPU
		{D4E6A77C-9F51-4127-95FA-823E928BD651}.Debug|x64.Deploy.0 = Debug|Any CPU
		{D4E6A77C-9F51-4127-95FA-823E928BD651}.Debug|x86.ActiveCfg = Debug|Any CPU
		{D4E6A77C-9F51-4127-95FA-823E928BD651}.Debug|x86.Build.0 = Debug|Any CPU
		{D4E6A77C-9F51-4127-95FA-823E928BD651}.Debug|x86.Deploy.0 = Debug|Any CPU
		{D4E6A77C-9F51-4127-95FA-823E928BD651}.Release|Any CPU.ActiveCfg = Release|Any CPU
		{D4E6A77C-9F51-4127-95FA-823E928BD651}.Release|Any CPU.Build.0 = Release|Any CPU
		{D4E6A77C-9F51-4127-95FA-823E928BD651}.Release|Any CPU.Deploy.0 = Release|Any CPU
		{D4E6A77C-9F51-4127-95FA-823E928BD651}.Release|ARM.ActiveCfg = Release|Any CPU
		{D4E6A77C-9F51-4127-95FA-823E928BD651}.Release|ARM.Build.0 = Release|Any CPU
		{D4E6A77C-9F51-4127-95FA-823E928BD651}.Release|ARM.Deploy.0 = Release|Any CPU
		{D4E6A77C-9F51-4127-95FA-823E928BD651}.Release|iPhone.ActiveCfg = Release|Any CPU
		{D4E6A77C-9F51-4127-95FA-823E928BD651}.Release|iPhone.Build.0 = Release|Any CPU
		{D4E6A77C-9F51-4127-95FA-823E928BD651}.Release|iPhone.Deploy.0 = Release|Any CPU
		{D4E6A77C-9F51-4127-95FA-823E928BD651}.Release|iPhoneSimulator.ActiveCfg = Release|Any CPU
		{D4E6A77C-9F51-4127-95FA-823E928BD651}.Release|iPhoneSimulator.Build.0 = Release|Any CPU
		{D4E6A77C-9F51-4127-95FA-823E928BD651}.Release|iPhoneSimulator.Deploy.0 = Release|Any CPU
		{D4E6A77C-9F51-4127-95FA-823E928BD651}.Release|x64.ActiveCfg = Release|Any CPU
		{D4E6A77C-9F51-4127-95FA-823E928BD651}.Release|x64.Build.0 = Release|Any CPU
		{D4E6A77C-9F51-4127-95FA-823E928BD651}.Release|x64.Deploy.0 = Release|Any CPU
		{D4E6A77C-9F51-4127-95FA-823E928BD651}.Release|x86.ActiveCfg = Release|Any CPU
		{D4E6A77C-9F51-4127-95FA-823E928BD651}.Release|x86.Build.0 = Release|Any CPU
		{D4E6A77C-9F51-4127-95FA-823E928BD651}.Release|x86.Deploy.0 = Release|Any CPU
		{1AEFA6CE-2954-4224-8C9B-EF4C17B99688}.Ad-Hoc|Any CPU.ActiveCfg = Release|Any CPU
		{1AEFA6CE-2954-4224-8C9B-EF4C17B99688}.Ad-Hoc|Any CPU.Build.0 = Release|Any CPU
		{1AEFA6CE-2954-4224-8C9B-EF4C17B99688}.Ad-Hoc|ARM.ActiveCfg = Release|Any CPU
		{1AEFA6CE-2954-4224-8C9B-EF4C17B99688}.Ad-Hoc|ARM.Build.0 = Release|Any CPU
		{1AEFA6CE-2954-4224-8C9B-EF4C17B99688}.Ad-Hoc|iPhone.ActiveCfg = Release|Any CPU
		{1AEFA6CE-2954-4224-8C9B-EF4C17B99688}.Ad-Hoc|iPhone.Build.0 = Release|Any CPU
		{1AEFA6CE-2954-4224-8C9B-EF4C17B99688}.Ad-Hoc|iPhoneSimulator.ActiveCfg = Release|Any CPU
		{1AEFA6CE-2954-4224-8C9B-EF4C17B99688}.Ad-Hoc|iPhoneSimulator.Build.0 = Release|Any CPU
		{1AEFA6CE-2954-4224-8C9B-EF4C17B99688}.Ad-Hoc|x64.ActiveCfg = Release|Any CPU
		{1AEFA6CE-2954-4224-8C9B-EF4C17B99688}.Ad-Hoc|x64.Build.0 = Release|Any CPU
		{1AEFA6CE-2954-4224-8C9B-EF4C17B99688}.Ad-Hoc|x86.ActiveCfg = Release|Any CPU
		{1AEFA6CE-2954-4224-8C9B-EF4C17B99688}.Ad-Hoc|x86.Build.0 = Release|Any CPU
		{1AEFA6CE-2954-4224-8C9B-EF4C17B99688}.AppStore|Any CPU.ActiveCfg = Release|Any CPU
		{1AEFA6CE-2954-4224-8C9B-EF4C17B99688}.AppStore|Any CPU.Build.0 = Release|Any CPU
		{1AEFA6CE-2954-4224-8C9B-EF4C17B99688}.AppStore|ARM.ActiveCfg = Release|Any CPU
		{1AEFA6CE-2954-4224-8C9B-EF4C17B99688}.AppStore|ARM.Build.0 = Release|Any CPU
		{1AEFA6CE-2954-4224-8C9B-EF4C17B99688}.AppStore|iPhone.ActiveCfg = Release|Any CPU
		{1AEFA6CE-2954-4224-8C9B-EF4C17B99688}.AppStore|iPhone.Build.0 = Release|Any CPU
		{1AEFA6CE-2954-4224-8C9B-EF4C17B99688}.AppStore|iPhoneSimulator.ActiveCfg = Release|Any CPU
		{1AEFA6CE-2954-4224-8C9B-EF4C17B99688}.AppStore|iPhoneSimulator.Build.0 = Release|Any CPU
		{1AEFA6CE-2954-4224-8C9B-EF4C17B99688}.AppStore|x64.ActiveCfg = Release|Any CPU
		{1AEFA6CE-2954-4224-8C9B-EF4C17B99688}.AppStore|x64.Build.0 = Release|Any CPU
		{1AEFA6CE-2954-4224-8C9B-EF4C17B99688}.AppStore|x86.ActiveCfg = Release|Any CPU
		{1AEFA6CE-2954-4224-8C9B-EF4C17B99688}.AppStore|x86.Build.0 = Release|Any CPU
		{1AEFA6CE-2954-4224-8C9B-EF4C17B99688}.Debug|Any CPU.ActiveCfg = Debug|Any CPU
		{1AEFA6CE-2954-4224-8C9B-EF4C17B99688}.Debug|Any CPU.Build.0 = Debug|Any CPU
		{1AEFA6CE-2954-4224-8C9B-EF4C17B99688}.Debug|ARM.ActiveCfg = Debug|Any CPU
		{1AEFA6CE-2954-4224-8C9B-EF4C17B99688}.Debug|ARM.Build.0 = Debug|Any CPU
		{1AEFA6CE-2954-4224-8C9B-EF4C17B99688}.Debug|iPhone.ActiveCfg = Debug|Any CPU
		{1AEFA6CE-2954-4224-8C9B-EF4C17B99688}.Debug|iPhone.Build.0 = Debug|Any CPU
		{1AEFA6CE-2954-4224-8C9B-EF4C17B99688}.Debug|iPhoneSimulator.ActiveCfg = Debug|Any CPU
		{1AEFA6CE-2954-4224-8C9B-EF4C17B99688}.Debug|iPhoneSimulator.Build.0 = Debug|Any CPU
		{1AEFA6CE-2954-4224-8C9B-EF4C17B99688}.Debug|x64.ActiveCfg = Debug|Any CPU
		{1AEFA6CE-2954-4224-8C9B-EF4C17B99688}.Debug|x64.Build.0 = Debug|Any CPU
		{1AEFA6CE-2954-4224-8C9B-EF4C17B99688}.Debug|x86.ActiveCfg = Debug|Any CPU
		{1AEFA6CE-2954-4224-8C9B-EF4C17B99688}.Debug|x86.Build.0 = Debug|Any CPU
		{1AEFA6CE-2954-4224-8C9B-EF4C17B99688}.Release|Any CPU.ActiveCfg = Release|Any CPU
		{1AEFA6CE-2954-4224-8C9B-EF4C17B99688}.Release|Any CPU.Build.0 = Release|Any CPU
		{1AEFA6CE-2954-4224-8C9B-EF4C17B99688}.Release|ARM.ActiveCfg = Release|Any CPU
		{1AEFA6CE-2954-4224-8C9B-EF4C17B99688}.Release|ARM.Build.0 = Release|Any CPU
		{1AEFA6CE-2954-4224-8C9B-EF4C17B99688}.Release|iPhone.ActiveCfg = Release|Any CPU
		{1AEFA6CE-2954-4224-8C9B-EF4C17B99688}.Release|iPhone.Build.0 = Release|Any CPU
		{1AEFA6CE-2954-4224-8C9B-EF4C17B99688}.Release|iPhoneSimulator.ActiveCfg = Release|Any CPU
		{1AEFA6CE-2954-4224-8C9B-EF4C17B99688}.Release|iPhoneSimulator.Build.0 = Release|Any CPU
		{1AEFA6CE-2954-4224-8C9B-EF4C17B99688}.Release|x64.ActiveCfg = Release|Any CPU
		{1AEFA6CE-2954-4224-8C9B-EF4C17B99688}.Release|x64.Build.0 = Release|Any CPU
		{1AEFA6CE-2954-4224-8C9B-EF4C17B99688}.Release|x86.ActiveCfg = Release|Any CPU
		{1AEFA6CE-2954-4224-8C9B-EF4C17B99688}.Release|x86.Build.0 = Release|Any CPU
		{1EE14118-1A6C-48D8-8A2D-B4818071B2D2}.Ad-Hoc|Any CPU.ActiveCfg = Debug|Any CPU
		{1EE14118-1A6C-48D8-8A2D-B4818071B2D2}.Ad-Hoc|Any CPU.Build.0 = Debug|Any CPU
		{1EE14118-1A6C-48D8-8A2D-B4818071B2D2}.Ad-Hoc|ARM.ActiveCfg = Debug|Any CPU
		{1EE14118-1A6C-48D8-8A2D-B4818071B2D2}.Ad-Hoc|ARM.Build.0 = Debug|Any CPU
		{1EE14118-1A6C-48D8-8A2D-B4818071B2D2}.Ad-Hoc|iPhone.ActiveCfg = Debug|Any CPU
		{1EE14118-1A6C-48D8-8A2D-B4818071B2D2}.Ad-Hoc|iPhone.Build.0 = Debug|Any CPU
		{1EE14118-1A6C-48D8-8A2D-B4818071B2D2}.Ad-Hoc|iPhoneSimulator.ActiveCfg = Debug|Any CPU
		{1EE14118-1A6C-48D8-8A2D-B4818071B2D2}.Ad-Hoc|iPhoneSimulator.Build.0 = Debug|Any CPU
		{1EE14118-1A6C-48D8-8A2D-B4818071B2D2}.Ad-Hoc|x64.ActiveCfg = Debug|Any CPU
		{1EE14118-1A6C-48D8-8A2D-B4818071B2D2}.Ad-Hoc|x64.Build.0 = Debug|Any CPU
		{1EE14118-1A6C-48D8-8A2D-B4818071B2D2}.Ad-Hoc|x86.ActiveCfg = Debug|Any CPU
		{1EE14118-1A6C-48D8-8A2D-B4818071B2D2}.Ad-Hoc|x86.Build.0 = Debug|Any CPU
		{1EE14118-1A6C-48D8-8A2D-B4818071B2D2}.AppStore|Any CPU.ActiveCfg = Debug|Any CPU
		{1EE14118-1A6C-48D8-8A2D-B4818071B2D2}.AppStore|Any CPU.Build.0 = Debug|Any CPU
		{1EE14118-1A6C-48D8-8A2D-B4818071B2D2}.AppStore|ARM.ActiveCfg = Debug|Any CPU
		{1EE14118-1A6C-48D8-8A2D-B4818071B2D2}.AppStore|ARM.Build.0 = Debug|Any CPU
		{1EE14118-1A6C-48D8-8A2D-B4818071B2D2}.AppStore|iPhone.ActiveCfg = Debug|Any CPU
		{1EE14118-1A6C-48D8-8A2D-B4818071B2D2}.AppStore|iPhone.Build.0 = Debug|Any CPU
		{1EE14118-1A6C-48D8-8A2D-B4818071B2D2}.AppStore|iPhoneSimulator.ActiveCfg = Debug|Any CPU
		{1EE14118-1A6C-48D8-8A2D-B4818071B2D2}.AppStore|iPhoneSimulator.Build.0 = Debug|Any CPU
		{1EE14118-1A6C-48D8-8A2D-B4818071B2D2}.AppStore|x64.ActiveCfg = Debug|Any CPU
		{1EE14118-1A6C-48D8-8A2D-B4818071B2D2}.AppStore|x64.Build.0 = Debug|Any CPU
		{1EE14118-1A6C-48D8-8A2D-B4818071B2D2}.AppStore|x86.ActiveCfg = Debug|Any CPU
		{1EE14118-1A6C-48D8-8A2D-B4818071B2D2}.AppStore|x86.Build.0 = Debug|Any CPU
		{1EE14118-1A6C-48D8-8A2D-B4818071B2D2}.Debug|Any CPU.ActiveCfg = Debug|Any CPU
		{1EE14118-1A6C-48D8-8A2D-B4818071B2D2}.Debug|Any CPU.Build.0 = Debug|Any CPU
		{1EE14118-1A6C-48D8-8A2D-B4818071B2D2}.Debug|ARM.ActiveCfg = Debug|Any CPU
		{1EE14118-1A6C-48D8-8A2D-B4818071B2D2}.Debug|ARM.Build.0 = Debug|Any CPU
		{1EE14118-1A6C-48D8-8A2D-B4818071B2D2}.Debug|iPhone.ActiveCfg = Debug|Any CPU
		{1EE14118-1A6C-48D8-8A2D-B4818071B2D2}.Debug|iPhone.Build.0 = Debug|Any CPU
		{1EE14118-1A6C-48D8-8A2D-B4818071B2D2}.Debug|iPhoneSimulator.ActiveCfg = Debug|Any CPU
		{1EE14118-1A6C-48D8-8A2D-B4818071B2D2}.Debug|iPhoneSimulator.Build.0 = Debug|Any CPU
		{1EE14118-1A6C-48D8-8A2D-B4818071B2D2}.Debug|x64.ActiveCfg = Debug|Any CPU
		{1EE14118-1A6C-48D8-8A2D-B4818071B2D2}.Debug|x64.Build.0 = Debug|Any CPU
		{1EE14118-1A6C-48D8-8A2D-B4818071B2D2}.Debug|x86.ActiveCfg = Debug|Any CPU
		{1EE14118-1A6C-48D8-8A2D-B4818071B2D2}.Debug|x86.Build.0 = Debug|Any CPU
		{1EE14118-1A6C-48D8-8A2D-B4818071B2D2}.Release|Any CPU.ActiveCfg = Release|Any CPU
		{1EE14118-1A6C-48D8-8A2D-B4818071B2D2}.Release|Any CPU.Build.0 = Release|Any CPU
		{1EE14118-1A6C-48D8-8A2D-B4818071B2D2}.Release|ARM.ActiveCfg = Release|Any CPU
		{1EE14118-1A6C-48D8-8A2D-B4818071B2D2}.Release|ARM.Build.0 = Release|Any CPU
		{1EE14118-1A6C-48D8-8A2D-B4818071B2D2}.Release|iPhone.ActiveCfg = Release|Any CPU
		{1EE14118-1A6C-48D8-8A2D-B4818071B2D2}.Release|iPhone.Build.0 = Release|Any CPU
		{1EE14118-1A6C-48D8-8A2D-B4818071B2D2}.Release|iPhoneSimulator.ActiveCfg = Release|Any CPU
		{1EE14118-1A6C-48D8-8A2D-B4818071B2D2}.Release|iPhoneSimulator.Build.0 = Release|Any CPU
		{1EE14118-1A6C-48D8-8A2D-B4818071B2D2}.Release|x64.ActiveCfg = Release|Any CPU
		{1EE14118-1A6C-48D8-8A2D-B4818071B2D2}.Release|x64.Build.0 = Release|Any CPU
		{1EE14118-1A6C-48D8-8A2D-B4818071B2D2}.Release|x86.ActiveCfg = Release|Any CPU
		{1EE14118-1A6C-48D8-8A2D-B4818071B2D2}.Release|x86.Build.0 = Release|Any CPU
	EndGlobalSection
	GlobalSection(SolutionProperties) = preSolution
		HideSolutionNode = FALSE
	EndGlobalSection
EndGlobal
